// !$*UTF8*$!
{
	archiveVersion = 1;
	classes = {
	};
	objectVersion = 55;
	objects = {

/* Begin PBXBuildFile section */
		0EED6B705B4E438DA13D3212 /* Pods_SwiftGoogleSheets.framework in Frameworks */ = {isa = PBXBuildFile; fileRef = 423A0BA901BB8B9BD1332DA4 /* Pods_SwiftGoogleSheets.framework */; };
		4633359B27FEDAA100706B69 /* AppDelegate.swift in Sources */ = {isa = PBXBuildFile; fileRef = 4633359A27FEDAA100706B69 /* AppDelegate.swift */; };
		4633359D27FEDAA100706B69 /* SceneDelegate.swift in Sources */ = {isa = PBXBuildFile; fileRef = 4633359C27FEDAA100706B69 /* SceneDelegate.swift */; };
		4633359F27FEDAA100706B69 /* ViewController.swift in Sources */ = {isa = PBXBuildFile; fileRef = 4633359E27FEDAA100706B69 /* ViewController.swift */; };
		463335A227FEDAA100706B69 /* Main.storyboard in Resources */ = {isa = PBXBuildFile; fileRef = 463335A027FEDAA100706B69 /* Main.storyboard */; };
		463335A427FEDAAD00706B69 /* Assets.xcassets in Resources */ = {isa = PBXBuildFile; fileRef = 463335A327FEDAAD00706B69 /* Assets.xcassets */; };
		463335A727FEDAAD00706B69 /* LaunchScreen.storyboard in Resources */ = {isa = PBXBuildFile; fileRef = 463335A527FEDAAD00706B69 /* LaunchScreen.storyboard */; };
		469A4FCF27FEDE470099DA54 /* Globals.swift in Sources */ = {isa = PBXBuildFile; fileRef = 469A4FCE27FEDE460099DA54 /* Globals.swift */; };
/* End PBXBuildFile section */

/* Begin PBXFileReference section */
		423A0BA901BB8B9BD1332DA4 /* Pods_SwiftGoogleSheets.framework */ = {isa = PBXFileReference; explicitFileType = wrapper.framework; includeInIndex = 0; path = Pods_SwiftGoogleSheets.framework; sourceTree = BUILT_PRODUCTS_DIR; };
		4633359727FEDAA100706B69 /* SwiftGoogleSheets.app */ = {isa = PBXFileReference; explicitFileType = wrapper.application; includeInIndex = 0; path = SwiftGoogleSheets.app; sourceTree = BUILT_PRODUCTS_DIR; };
		4633359A27FEDAA100706B69 /* AppDelegate.swift */ = {isa = PBXFileReference; lastKnownFileType = sourcecode.swift; path = AppDelegate.swift; sourceTree = "<group>"; };
		4633359C27FEDAA100706B69 /* SceneDelegate.swift */ = {isa = PBXFileReference; lastKnownFileType = sourcecode.swift; path = SceneDelegate.swift; sourceTree = "<group>"; };
		4633359E27FEDAA100706B69 /* ViewController.swift */ = {isa = PBXFileReference; lastKnownFileType = sourcecode.swift; path = ViewController.swift; sourceTree = "<group>"; };
		463335A127FEDAA100706B69 /* Base */ = {isa = PBXFileReference; lastKnownFileType = file.storyboard; name = Base; path = Base.lproj/Main.storyboard; sourceTree = "<group>"; };
		463335A327FEDAAD00706B69 /* Assets.xcassets */ = {isa = PBXFileReference; lastKnownFileType = folder.assetcatalog; path = Assets.xcassets; sourceTree = "<group>"; };
		463335A627FEDAAD00706B69 /* Base */ = {isa = PBXFileReference; lastKnownFileType = file.storyboard; name = Base; path = Base.lproj/LaunchScreen.storyboard; sourceTree = "<group>"; };
		463335A827FEDAAD00706B69 /* Info.plist */ = {isa = PBXFileReference; lastKnownFileType = text.plist.xml; path = Info.plist; sourceTree = "<group>"; };
		469A4FCE27FEDE460099DA54 /* Globals.swift */ = {isa = PBXFileReference; fileEncoding = 4; lastKnownFileType = sourcecode.swift; path = Globals.swift; sourceTree = "<group>"; };
		71E64ABDB698C8E8FA80EC74 /* Pods-SwiftGoogleSheets.debug.xcconfig */ = {isa = PBXFileReference; includeInIndex = 1; lastKnownFileType = text.xcconfig; name = "Pods-SwiftGoogleSheets.debug.xcconfig"; path = "Target Support Files/Pods-SwiftGoogleSheets/Pods-SwiftGoogleSheets.debug.xcconfig"; sourceTree = "<group>"; };
		FF990B497393D25C40CCE77E /* Pods-SwiftGoogleSheets.release.xcconfig */ = {isa = PBXFileReference; includeInIndex = 1; lastKnownFileType = text.xcconfig; name = "Pods-SwiftGoogleSheets.release.xcconfig"; path = "Target Support Files/Pods-SwiftGoogleSheets/Pods-SwiftGoogleSheets.release.xcconfig"; sourceTree = "<group>"; };
/* End PBXFileReference section */

/* Begin PBXFrameworksBuildPhase section */
		4633359427FEDAA100706B69 /* Frameworks */ = {
			isa = PBXFrameworksBuildPhase;
			buildActionMask = 2147483647;
			files = (
				0EED6B705B4E438DA13D3212 /* Pods_SwiftGoogleSheets.framework in Frameworks */,
			);
			runOnlyForDeploymentPostprocessing = 0;
		};
/* End PBXFrameworksBuildPhase section */

/* Begin PBXGroup section */
		08E892A70204E814F3102840 /* Frameworks */ = {
			isa = PBXGroup;
			children = (
				423A0BA901BB8B9BD1332DA4 /* Pods_SwiftGoogleSheets.framework */,
			);
			name = Frameworks;
			sourceTree = "<group>";
		};
		4633358E27FEDAA100706B69 = {
			isa = PBXGroup;
			children = (
				4633359927FEDAA100706B69 /* SwiftGoogleSheets */,
				4633359827FEDAA100706B69 /* Products */,
				98F9E51EEC57889EC21BB191 /* Pods */,
				08E892A70204E814F3102840 /* Frameworks */,
			);
			sourceTree = "<group>";
		};
		4633359827FEDAA100706B69 /* Products */ = {
			isa = PBXGroup;
			children = (
				4633359727FEDAA100706B69 /* SwiftGoogleSheets.app */,
			);
			name = Products;
			sourceTree = "<group>";
		};
		4633359927FEDAA100706B69 /* SwiftGoogleSheets */ = {
			isa = PBXGroup;
			children = (
				4633359A27FEDAA100706B69 /* AppDelegate.swift */,
				4633359C27FEDAA100706B69 /* SceneDelegate.swift */,
				4633359E27FEDAA100706B69 /* ViewController.swift */,
				469A4FCE27FEDE460099DA54 /* Globals.swift */,
				463335A027FEDAA100706B69 /* Main.storyboard */,
				463335A327FEDAAD00706B69 /* Assets.xcassets */,
				463335A527FEDAAD00706B69 /* LaunchScreen.storyboard */,
				463335A827FEDAAD00706B69 /* Info.plist */,
			);
			path = SwiftGoogleSheets;
			sourceTree = "<group>";
		};
		98F9E51EEC57889EC21BB191 /* Pods */ = {
			isa = PBXGroup;
			children = (
				71E64ABDB698C8E8FA80EC74 /* Pods-SwiftGoogleSheets.debug.xcconfig */,
				FF990B497393D25C40CCE77E /* Pods-SwiftGoogleSheets.release.xcconfig */,
			);
			path = Pods;
			sourceTree = "<group>";
		};
/* End PBXGroup section */

/* Begin PBXNativeTarget section */
		4633359627FEDAA100706B69 /* SwiftGoogleSheets */ = {
			isa = PBXNativeTarget;
			buildConfigurationList = 463335AB27FEDAAD00706B69 /* Build configuration list for PBXNativeTarget "SwiftGoogleSheets" */;
			buildPhases = (
				618082D519A4131D7582BEFB /* [CP] Check Pods Manifest.lock */,
				4633359327FEDAA100706B69 /* Sources */,
				4633359427FEDAA100706B69 /* Frameworks */,
				4633359527FEDAA100706B69 /* Resources */,
				9BF52EB9A9D24AAA40A110B4 /* [CP] Embed Pods Frameworks */,
			);
			buildRules = (
			);
			dependencies = (
			);
			name = SwiftGoogleSheets;
			productName = SwiftGoogleSheets;
			productReference = 4633359727FEDAA100706B69 /* SwiftGoogleSheets.app */;
			productType = "com.apple.product-type.application";
		};
/* End PBXNativeTarget section */

/* Begin PBXProject section */
		4633358F27FEDAA100706B69 /* Project object */ = {
			isa = PBXProject;
			attributes = {
				BuildIndependentTargetsInParallel = 1;
				LastSwiftUpdateCheck = 1330;
				LastUpgradeCheck = 1330;
				TargetAttributes = {
					4633359627FEDAA100706B69 = {
						CreatedOnToolsVersion = 13.3;
					};
				};
			};
			buildConfigurationList = 4633359227FEDAA100706B69 /* Build configuration list for PBXProject "SwiftGoogleSheets" */;
			compatibilityVersion = "Xcode 13.0";
			developmentRegion = en;
			hasScannedForEncodings = 0;
			knownRegions = (
				en,
				Base,
			);
			mainGroup = 4633358E27FEDAA100706B69;
			productRefGroup = 4633359827FEDAA100706B69 /* Products */;
			projectDirPath = "";
			projectRoot = "";
			targets = (
				4633359627FEDAA100706B69 /* SwiftGoogleSheets */,
			);
		};
/* End PBXProject section */

/* Begin PBXResourcesBuildPhase section */
		4633359527FEDAA100706B69 /* Resources */ = {
			isa = PBXResourcesBuildPhase;
			buildActionMask = 2147483647;
			files = (
				463335A727FEDAAD00706B69 /* LaunchScreen.storyboard in Resources */,
				463335A427FEDAAD00706B69 /* Assets.xcassets in Resources */,
				463335A227FEDAA100706B69 /* Main.storyboard in Resources */,
			);
			runOnlyForDeploymentPostprocessing = 0;
		};
/* End PBXResourcesBuildPhase section */

/* Begin PBXShellScriptBuildPhase section */
		618082D519A4131D7582BEFB /* [CP] Check Pods Manifest.lock */ = {
			isa = PBXShellScriptBuildPhase;
			buildActionMask = 2147483647;
			files = (
			);
			inputFileListPaths = (
			);
			inputPaths = (
				"${PODS_PODFILE_DIR_PATH}/Podfile.lock",
				"${PODS_ROOT}/Manifest.lock",
			);
			name = "[CP] Check Pods Manifest.lock";
			outputFileListPaths = (
			);
			outputPaths = (
				"$(DERIVED_FILE_DIR)/Pods-SwiftGoogleSheets-checkManifestLockResult.txt",
			);
			runOnlyForDeploymentPostprocessing = 0;
			shellPath = /bin/sh;
			shellScript = "diff \"${PODS_PODFILE_DIR_PATH}/Podfile.lock\" \"${PODS_ROOT}/Manifest.lock\" > /dev/null\nif [ $? != 0 ] ; then\n    # print error to STDERR\n    echo \"error: The sandbox is not in sync with the Podfile.lock. Run 'pod install' or update your CocoaPods installation.\" >&2\n    exit 1\nfi\n# This output is used by Xcode 'outputs' to avoid re-running this script phase.\necho \"SUCCESS\" > \"${SCRIPT_OUTPUT_FILE_0}\"\n";
			showEnvVarsInLog = 0;
		};
		9BF52EB9A9D24AAA40A110B4 /* [CP] Embed Pods Frameworks */ = {
			isa = PBXShellScriptBuildPhase;
			buildActionMask = 2147483647;
			files = (
			);
			inputFileListPaths = (
				"${PODS_ROOT}/Target Support Files/Pods-SwiftGoogleSheets/Pods-SwiftGoogleSheets-frameworks-${CONFIGURATION}-input-files.xcfilelist",
			);
			name = "[CP] Embed Pods Frameworks";
			outputFileListPaths = (
				"${PODS_ROOT}/Target Support Files/Pods-SwiftGoogleSheets/Pods-SwiftGoogleSheets-frameworks-${CONFIGURATION}-output-files.xcfilelist",
			);
			runOnlyForDeploymentPostprocessing = 0;
			shellPath = /bin/sh;
			shellScript = "\"${PODS_ROOT}/Target Support Files/Pods-SwiftGoogleSheets/Pods-SwiftGoogleSheets-frameworks.sh\"\n";
			showEnvVarsInLog = 0;
		};
/* End PBXShellScriptBuildPhase section */

/* Begin PBXSourcesBuildPhase section */
		4633359327FEDAA100706B69 /* Sources */ = {
			isa = PBXSourcesBuildPhase;
			buildActionMask = 2147483647;
			files = (
				469A4FCF27FEDE470099DA54 /* Globals.swift in Sources */,
				4633359F27FEDAA100706B69 /* ViewController.swift in Sources */,
				4633359B27FEDAA100706B69 /* AppDelegate.swift in Sources */,
				4633359D27FEDAA100706B69 /* SceneDelegate.swift in Sources */,
			);
			runOnlyForDeploymentPostprocessing = 0;
		};
/* End PBXSourcesBuildPhase section */

/* Begin PBXVariantGroup section */
		463335A027FEDAA100706B69 /* Main.storyboard */ = {
			isa = PBXVariantGroup;
			children = (
				463335A127FEDAA100706B69 /* Base */,
			);
			name = Main.storyboard;
			sourceTree = "<group>";
		};
		463335A527FEDAAD00706B69 /* LaunchScreen.storyboard */ = {
			isa = PBXVariantGroup;
			children = (
				463335A627FEDAAD00706B69 /* Base */,
			);
			name = LaunchScreen.storyboard;
			sourceTree = "<group>";
		};
/* End PBXVariantGroup section */

/* Begin XCBuildConfiguration section */
		463335A927FEDAAD00706B69 /* Debug */ = {
			isa = XCBuildConfiguration;
			buildSettings = {
				ALWAYS_SEARCH_USER_PATHS = NO;
				CLANG_ANALYZER_NONNULL = YES;
				CLANG_ANALYZER_NUMBER_OBJECT_CONVERSION = YES_AGGRESSIVE;
				CLANG_CXX_LANGUAGE_STANDARD = "gnu++17";
				CLANG_ENABLE_MODULES = YES;
				CLANG_ENABLE_OBJC_ARC = YES;
				CLANG_ENABLE_OBJC_WEAK = YES;
				CLANG_WARN_BLOCK_CAPTURE_AUTORELEASING = YES;
				CLANG_WARN_BOOL_CONVERSION = YES;
				CLANG_WARN_COMMA = YES;
				CLANG_WARN_CONSTANT_CONVERSION = YES;
				CLANG_WARN_DEPRECATED_OBJC_IMPLEMENTATIONS = YES;
				CLANG_WARN_DIRECT_OBJC_ISA_USAGE = YES_ERROR;
				CLANG_WARN_DOCUMENTATION_COMMENTS = YES;
				CLANG_WARN_EMPTY_BODY = YES;
				CLANG_WARN_ENUM_CONVERSION = YES;
				CLANG_WARN_INFINITE_RECURSION = YES;
				CLANG_WARN_INT_CONVERSION = YES;
				CLANG_WARN_NON_LITERAL_NULL_CONVERSION = YES;
				CLANG_WARN_OBJC_IMPLICIT_RETAIN_SELF = YES;
				CLANG_WARN_OBJC_LITERAL_CONVERSION = YES;
				CLANG_WARN_OBJC_ROOT_CLASS = YES_ERROR;
				CLANG_WARN_QUOTED_INCLUDE_IN_FRAMEWORK_HEADER = YES;
				CLANG_WARN_RANGE_LOOP_ANALYSIS = YES;
				CLANG_WARN_STRICT_PROTOTYPES = YES;
				CLANG_WARN_SUSPICIOUS_MOVE = YES;
				CLANG_WARN_UNGUARDED_AVAILABILITY = YES_AGGRESSIVE;
				CLANG_WARN_UNREACHABLE_CODE = YES;
				CLANG_WARN__DUPLICATE_METHOD_MATCH = YES;
				COPY_PHASE_STRIP = NO;
				DEBUG_INFORMATION_FORMAT = dwarf;
				ENABLE_STRICT_OBJC_MSGSEND = YES;
				ENABLE_TESTABILITY = YES;
				GCC_C_LANGUAGE_STANDARD = gnu11;
				GCC_DYNAMIC_NO_PIC = NO;
				GCC_NO_COMMON_BLOCKS = YES;
				GCC_OPTIMIZATION_LEVEL = 0;
				GCC_PREPROCESSOR_DEFINITIONS = (
					"DEBUG=1",
					"$(inherited)",
				);
				GCC_WARN_64_TO_32_BIT_CONVERSION = YES;
				GCC_WARN_ABOUT_RETURN_TYPE = YES_ERROR;
				GCC_WARN_UNDECLARED_SELECTOR = YES;
				GCC_WARN_UNINITIALIZED_AUTOS = YES_AGGRESSIVE;
				GCC_WARN_UNUSED_FUNCTION = YES;
				GCC_WARN_UNUSED_VARIABLE = YES;
				IPHONEOS_DEPLOYMENT_TARGET = 15.4;
				MTL_ENABLE_DEBUG_INFO = INCLUDE_SOURCE;
				MTL_FAST_MATH = YES;
				ONLY_ACTIVE_ARCH = YES;
				SDKROOT = iphoneos;
				SWIFT_ACTIVE_COMPILATION_CONDITIONS = DEBUG;
				SWIFT_OPTIMIZATION_LEVEL = "-Onone";
			};
			name = Debug;
		};
		463335AA27FEDAAD00706B69 /* Release */ = {
			isa = XCBuildConfiguration;
			buildSettings = {
				ALWAYS_SEARCH_USER_PATHS = NO;
				CLANG_ANALYZER_NONNULL = YES;
				CLANG_ANALYZER_NUMBER_OBJECT_CONVERSION = YES_AGGRESSIVE;
				CLANG_CXX_LANGUAGE_STANDARD = "gnu++17";
				CLANG_ENABLE_MODULES = YES;
				CLANG_ENABLE_OBJC_ARC = YES;
				CLANG_ENABLE_OBJC_WEAK = YES;
				CLANG_WARN_BLOCK_CAPTURE_AUTORELEASING = YES;
				CLANG_WARN_BOOL_CONVERSION = YES;
				CLANG_WARN_COMMA = YES;
				CLANG_WARN_CONSTANT_CONVERSION = YES;
				CLANG_WARN_DEPRECATED_OBJC_IMPLEMENTATIONS = YES;
				CLANG_WARN_DIRECT_OBJC_ISA_USAGE = YES_ERROR;
				CLANG_WARN_DOCUMENTATION_COMMENTS = YES;
				CLANG_WARN_EMPTY_BODY = YES;
				CLANG_WARN_ENUM_CONVERSION = YES;
				CLANG_WARN_INFINITE_RECURSION = YES;
				CLANG_WARN_INT_CONVERSION = YES;
				CLANG_WARN_NON_LITERAL_NULL_CONVERSION = YES;
				CLANG_WARN_OBJC_IMPLICIT_RETAIN_SELF = YES;
				CLANG_WARN_OBJC_LITERAL_CONVERSION = YES;
				CLANG_WARN_OBJC_ROOT_CLASS = YES_ERROR;
				CLANG_WARN_QUOTED_INCLUDE_IN_FRAMEWORK_HEADER = YES;
				CLANG_WARN_RANGE_LOOP_ANALYSIS = YES;
				CLANG_WARN_STRICT_PROTOTYPES = YES;
				CLANG_WARN_SUSPICIOUS_MOVE = YES;
				CLANG_WARN_UNGUARDED_AVAILABILITY = YES_AGGRESSIVE;
				CLANG_WARN_UNREACHABLE_CODE = YES;
				CLANG_WARN__DUPLICATE_METHOD_MATCH = YES;
				COPY_PHASE_STRIP = NO;
				DEBUG_INFORMATION_FORMAT = "dwarf-with-dsym";
				ENABLE_NS_ASSERTIONS = NO;
				ENABLE_STRICT_OBJC_MSGSEND = YES;
				GCC_C_LANGUAGE_STANDARD = gnu11;
				GCC_NO_COMMON_BLOCKS = YES;
				GCC_WARN_64_TO_32_BIT_CONVERSION = YES;
				GCC_WARN_ABOUT_RETURN_TYPE = YES_ERROR;
				GCC_WARN_UNDECLARED_SELECTOR = YES;
				GCC_WARN_UNINITIALIZED_AUTOS = YES_AGGRESSIVE;
				GCC_WARN_UNUSED_FUNCTION = YES;
				GCC_WARN_UNUSED_VARIABLE = YES;
				IPHONEOS_DEPLOYMENT_TARGET = 15.4;
				MTL_ENABLE_DEBUG_INFO = NO;
				MTL_FAST_MATH = YES;
				SDKROOT = iphoneos;
				SWIFT_COMPILATION_MODE = wholemodule;
				SWIFT_OPTIMIZATION_LEVEL = "-O";
				VALIDATE_PRODUCT = YES;
			};
			name = Release;
		};
		463335AC27FEDAAD00706B69 /* Debug */ = {
			isa = XCBuildConfiguration;
			baseConfigurationReference = 71E64ABDB698C8E8FA80EC74 /* Pods-SwiftGoogleSheets.debug.xcconfig */;
			buildSettings = {
				ASSETCATALOG_COMPILER_APPICON_NAME = AppIcon;
				ASSETCATALOG_COMPILER_GLOBAL_ACCENT_COLOR_NAME = AccentColor;
				CODE_SIGN_STYLE = Automatic;
				CURRENT_PROJECT_VERSION = 1;
				DEVELOPMENT_TEAM = USQU9Q295J;
				GENERATE_INFOPLIST_FILE = YES;
				INFOPLIST_FILE = SwiftGoogleSheets/Info.plist;
				INFOPLIST_KEY_UIApplicationSupportsIndirectInputEvents = YES;
				INFOPLIST_KEY_UILaunchStoryboardName = LaunchScreen;
				INFOPLIST_KEY_UIMainStoryboardFile = Main;
				INFOPLIST_KEY_UISupportedInterfaceOrientations_iPad = "UIInterfaceOrientationPortrait UIInterfaceOrientationPortraitUpsideDown UIInterfaceOrientationLandscapeLeft UIInterfaceOrientationLandscapeRight";
				INFOPLIST_KEY_UISupportedInterfaceOrientations_iPhone = "UIInterfaceOrientationPortrait UIInterfaceOrientationLandscapeLeft UIInterfaceOrientationLandscapeRight";
				LD_RUNPATH_SEARCH_PATHS = (
					"$(inherited)",
					"@executable_path/Frameworks",
				);
				MARKETING_VERSION = 1.0;
				PRODUCT_BUNDLE_IDENTIFIER = it.pw2.SwiftGoogleSheets;
				PRODUCT_NAME = "$(TARGET_NAME)";
				SWIFT_EMIT_LOC_STRINGS = YES;
				SWIFT_VERSION = 5.0;
				TARGETED_DEVICE_FAMILY = "1,2";
			};
			name = Debug;
		};
		463335AD27FEDAAD00706B69 /* Release */ = {
			isa = XCBuildConfiguration;
			baseConfigurationReference = FF990B497393D25C40CCE77E /* Pods-SwiftGoogleSheets.release.xcconfig */;
			buildSettings = {
				ASSETCATALOG_COMPILER_APPICON_NAME = AppIcon;
				ASSETCATALOG_COMPILER_GLOBAL_ACCENT_COLOR_NAME = AccentColor;
				CODE_SIGN_STYLE = Automatic;
				CURRENT_PROJECT_VERSION = 1;
				DEVELOPMENT_TEAM = USQU9Q295J;
				GENERATE_INFOPLIST_FILE = YES;
				INFOPLIST_FILE = SwiftGoogleSheets/Info.plist;
				INFOPLIST_KEY_UIApplicationSupportsIndirectInputEvents = YES;
				INFOPLIST_KEY_UILaunchStoryboardName = LaunchScreen;
				INFOPLIST_KEY_UIMainStoryboardFile = Main;
				INFOPLIST_KEY_UISupportedInterfaceOrientations_iPad = "UIInterfaceOrientationPortrait UIInterfaceOrientationPortraitUpsideDown UIInterfaceOrientationLandscapeLeft UIInterfaceOrientationLandscapeRight";
				INFOPLIST_KEY_UISupportedInterfaceOrientations_iPhone = "UIInterfaceOrientationPortrait UIInterfaceOrientationLandscapeLeft UIInterfaceOrientationLandscapeRight";
				LD_RUNPATH_SEARCH_PATHS = (
					"$(inherited)",
					"@executable_path/Frameworks",
				);
				MARKETING_VERSION = 1.0;
				PRODUCT_BUNDLE_IDENTIFIER = it.pw2.SwiftGoogleSheets;
				PRODUCT_NAME = "$(TARGET_NAME)";
				SWIFT_EMIT_LOC_STRINGS = YES;
				SWIFT_VERSION = 5.0;
				TARGETED_DEVICE_FAMILY = "1,2";
			};
			name = Release;
		};
/* End XCBuildConfiguration section */

/* Begin XCConfigurationList section */
		4633359227FEDAA100706B69 /* Build configuration list for PBXProject "SwiftGoogleSheets" */ = {
			isa = XCConfigurationList;
			buildConfigurations = (
				463335A927FEDAAD00706B69 /* Debug */,
				463335AA27FEDAAD00706B69 /* Release */,
			);
			defaultConfigurationIsVisible = 0;
			defaultConfigurationName = Release;
		};
		463335AB27FEDAAD00706B69 /* Build configuration list for PBXNativeTarget "SwiftGoogleSheets" */ = {
			isa = XCConfigurationList;
			buildConfigurations = (
				463335AC27FEDAAD00706B69 /* Debug */,
				463335AD27FEDAAD00706B69 /* Release */,
			);
			defaultConfigurationIsVisible = 0;
			defaultConfigurationName = Release;
		};
/* End XCConfigurationList section */
	};
	rootObject = 4633358F27FEDAA100706B69 /* Project object */;
}
